// !$*UTF8*$!
{
	archiveVersion = 1;
	classes = {
	};
	objectVersion = 46;
	objects = {

/* Begin PBXBuildFile section */
		4E3DC3FC1FCDA35F0029F9F1 /* adhesive bra.png in Resources */ = {isa = PBXBuildFile; fileRef = 4E3DC3F71FCDA35F0029F9F1 /* adhesive bra.png */; };
		4E3DC3FD1FCDA35F0029F9F1 /* corset bra.png in Resources */ = {isa = PBXBuildFile; fileRef = 4E3DC3F81FCDA35F0029F9F1 /* corset bra.png */; };
		4E3DC3FE1FCDA35F0029F9F1 /* plunge bra.png in Resources */ = {isa = PBXBuildFile; fileRef = 4E3DC3F91FCDA35F0029F9F1 /* plunge bra.png */; };
		4E3DC3FF1FCDA35F0029F9F1 /* shelf bra .png in Resources */ = {isa = PBXBuildFile; fileRef = 4E3DC3FA1FCDA35F0029F9F1 /* shelf bra .png */; };
		4E3DC4001FCDA35F0029F9F1 /* tshirt bra.png in Resources */ = {isa = PBXBuildFile; fileRef = 4E3DC3FB1FCDA35F0029F9F1 /* tshirt bra.png */; };
		4E3DC4061FCDA3880029F9F1 /* triangle bra.png in Resources */ = {isa = PBXBuildFile; fileRef = 4E3DC4011FCDA3880029F9F1 /* triangle bra.png */; };
		4E3DC4071FCDA3880029F9F1 /* underwire bra.png in Resources */ = {isa = PBXBuildFile; fileRef = 4E3DC4021FCDA3880029F9F1 /* underwire bra.png */; };
		4E3DC4081FCDA3880029F9F1 /* push up bra.png in Resources */ = {isa = PBXBuildFile; fileRef = 4E3DC4031FCDA3880029F9F1 /* push up bra.png */; };
		4E3DC4091FCDA3880029F9F1 /* strapless bra.png in Resources */ = {isa = PBXBuildFile; fileRef = 4E3DC4041FCDA3880029F9F1 /* strapless bra.png */; };
		4E3DC40A1FCDA3880029F9F1 /* sport bra.png in Resources */ = {isa = PBXBuildFile; fileRef = 4E3DC4051FCDA3880029F9F1 /* sport bra.png */; };
		4EE2E34A1FC44E5B000F201D /* main.m in Sources */ = {isa = PBXBuildFile; fileRef = 4EE2E3491FC44E5B000F201D /* main.m */; };
		4EE2E34D1FC44E5B000F201D /* AppDelegate.m in Sources */ = {isa = PBXBuildFile; fileRef = 4EE2E34C1FC44E5B000F201D /* AppDelegate.m */; };
		4EE2E3501FC44E5B000F201D /* BraConversion.m in Sources */ = {isa = PBXBuildFile; fileRef = 4EE2E34F1FC44E5B000F201D /* BraConversion.m */; };
		4EE2E3531FC44E5B000F201D /* SisterSize.m in Sources */ = {isa = PBXBuildFile; fileRef = 4EE2E3521FC44E5B000F201D /* SisterSize.m */; };
		4EE2E3561FC44E5B000F201D /* Main.storyboard in Resources */ = {isa = PBXBuildFile; fileRef = 4EE2E3541FC44E5B000F201D /* Main.storyboard */; };
		4EE2E3581FC44E5B000F201D /* Assets.xcassets in Resources */ = {isa = PBXBuildFile; fileRef = 4EE2E3571FC44E5B000F201D /* Assets.xcassets */; };
		4EE2E35B1FC44E5B000F201D /* LaunchScreen.storyboard in Resources */ = {isa = PBXBuildFile; fileRef = 4EE2E3591FC44E5B000F201D /* LaunchScreen.storyboard */; };
		4EE2E3661FC44E5B000F201D /* BoobrTests.m in Sources */ = {isa = PBXBuildFile; fileRef = 4EE2E3651FC44E5B000F201D /* BoobrTests.m */; };
		4EE2E3711FC44E5B000F201D /* BoobrUITests.m in Sources */ = {isa = PBXBuildFile; fileRef = 4EE2E3701FC44E5B000F201D /* BoobrUITests.m */; };
		4EE2E3861FC452AC000F201D /* FitGuide.m in Sources */ = {isa = PBXBuildFile; fileRef = 4EE2E3851FC452AC000F201D /* FitGuide.m */; };
		4EE2E3891FC45328000F201D /* Styles.m in Sources */ = {isa = PBXBuildFile; fileRef = 4EE2E3881FC45328000F201D /* Styles.m */; };
		4EE2E38B1FC4580D000F201D /* Picture1.png in Resources */ = {isa = PBXBuildFile; fileRef = 4EE2E38A1FC4580D000F201D /* Picture1.png */; };
		4EE2E38E1FC45E43000F201D /* DataModel.m in Sources */ = {isa = PBXBuildFile; fileRef = 4EE2E38D1FC45E43000F201D /* DataModel.m */; };
		4EED3BDD1FC73DD300BE7ACB /* Picture1 copy.png in Resources */ = {isa = PBXBuildFile; fileRef = 4EED3BDC1FC73DD300BE7ACB /* Picture1 copy.png */; };
		4EED3BDF1FC7545400BE7ACB /* sisters.png in Resources */ = {isa = PBXBuildFile; fileRef = 4EED3BDE1FC7545400BE7ACB /* sisters.png */; };
		4EED3BE31FC7545E00BE7ACB /* boobr no back.png in Resources */ = {isa = PBXBuildFile; fileRef = 4EED3BE01FC7545E00BE7ACB /* boobr no back.png */; };
		4EED3BE41FC7545E00BE7ACB /* bra outline.png in Resources */ = {isa = PBXBuildFile; fileRef = 4EED3BE11FC7545E00BE7ACB /* bra outline.png */; };
		4EED3BE51FC7545E00BE7ACB /* bras (2).png in Resources */ = {isa = PBXBuildFile; fileRef = 4EED3BE21FC7545E00BE7ACB /* bras (2).png */; };
/* End PBXBuildFile section */

/* Begin PBXContainerItemProxy section */
		4EE2E3621FC44E5B000F201D /* PBXContainerItemProxy */ = {
			isa = PBXContainerItemProxy;
			containerPortal = 4EE2E33D1FC44E5A000F201D /* Project object */;
			proxyType = 1;
			remoteGlobalIDString = 4EE2E3441FC44E5A000F201D;
			remoteInfo = Boobr;
		};
		4EE2E36D1FC44E5B000F201D /* PBXContainerItemProxy */ = {
			isa = PBXContainerItemProxy;
			containerPortal = 4EE2E33D1FC44E5A000F201D /* Project object */;
			proxyType = 1;
			remoteGlobalIDString = 4EE2E3441FC44E5A000F201D;
			remoteInfo = Boobr;
		};
/* End PBXContainerItemProxy section */

/* Begin PBXFileReference section */
		4E3DC3F71FCDA35F0029F9F1 /* adhesive bra.png */ = {isa = PBXFileReference; lastKnownFileType = image.png; path = "adhesive bra.png"; sourceTree = "<group>"; };
		4E3DC3F81FCDA35F0029F9F1 /* corset bra.png */ = {isa = PBXFileReference; lastKnownFileType = image.png; path = "corset bra.png"; sourceTree = "<group>"; };
		4E3DC3F91FCDA35F0029F9F1 /* plunge bra.png */ = {isa = PBXFileReference; lastKnownFileType = image.png; path = "plunge bra.png"; sourceTree = "<group>"; };
		4E3DC3FA1FCDA35F0029F9F1 /* shelf bra .png */ = {isa = PBXFileReference; lastKnownFileType = image.png; path = "shelf bra .png"; sourceTree = "<group>"; };
		4E3DC3FB1FCDA35F0029F9F1 /* tshirt bra.png */ = {isa = PBXFileReference; lastKnownFileType = image.png; path = "tshirt bra.png"; sourceTree = "<group>"; };
		4E3DC4011FCDA3880029F9F1 /* triangle bra.png */ = {isa = PBXFileReference; lastKnownFileType = image.png; path = "triangle bra.png"; sourceTree = "<group>"; };
		4E3DC4021FCDA3880029F9F1 /* underwire bra.png */ = {isa = PBXFileReference; lastKnownFileType = image.png; path = "underwire bra.png"; sourceTree = "<group>"; };
		4E3DC4031FCDA3880029F9F1 /* push up bra.png */ = {isa = PBXFileReference; lastKnownFileType = image.png; path = "push up bra.png"; sourceTree = "<group>"; };
		4E3DC4041FCDA3880029F9F1 /* strapless bra.png */ = {isa = PBXFileReference; lastKnownFileType = image.png; path = "strapless bra.png"; sourceTree = "<group>"; };
		4E3DC4051FCDA3880029F9F1 /* sport bra.png */ = {isa = PBXFileReference; lastKnownFileType = image.png; path = "sport bra.png"; sourceTree = "<group>"; };
		4EE2E3451FC44E5B000F201D /* Boobr.app */ = {isa = PBXFileReference; explicitFileType = wrapper.application; includeInIndex = 0; path = Boobr.app; sourceTree = BUILT_PRODUCTS_DIR; };
		4EE2E3491FC44E5B000F201D /* main.m */ = {isa = PBXFileReference; lastKnownFileType = sourcecode.c.objc; path = main.m; sourceTree = "<group>"; };
		4EE2E34B1FC44E5B000F201D /* AppDelegate.h */ = {isa = PBXFileReference; lastKnownFileType = sourcecode.c.h; path = AppDelegate.h; sourceTree = "<group>"; };
		4EE2E34C1FC44E5B000F201D /* AppDelegate.m */ = {isa = PBXFileReference; lastKnownFileType = sourcecode.c.objc; path = AppDelegate.m; sourceTree = "<group>"; };
		4EE2E34E1FC44E5B000F201D /* BraConversion.h */ = {isa = PBXFileReference; lastKnownFileType = sourcecode.c.h; path = BraConversion.h; sourceTree = "<group>"; };
		4EE2E34F1FC44E5B000F201D /* BraConversion.m */ = {isa = PBXFileReference; lastKnownFileType = sourcecode.c.objc; path = BraConversion.m; sourceTree = "<group>"; };
		4EE2E3511FC44E5B000F201D /* SisterSize.h */ = {isa = PBXFileReference; lastKnownFileType = sourcecode.c.h; path = SisterSize.h; sourceTree = "<group>"; };
		4EE2E3521FC44E5B000F201D /* SisterSize.m */ = {isa = PBXFileReference; lastKnownFileType = sourcecode.c.objc; path = SisterSize.m; sourceTree = "<group>"; };
		4EE2E3551FC44E5B000F201D /* Base */ = {isa = PBXFileReference; lastKnownFileType = file.storyboard; name = Base; path = Base.lproj/Main.storyboard; sourceTree = "<group>"; };
		4EE2E3571FC44E5B000F201D /* Assets.xcassets */ = {isa = PBXFileReference; lastKnownFileType = folder.assetcatalog; path = Assets.xcassets; sourceTree = "<group>"; };
		4EE2E35A1FC44E5B000F201D /* Base */ = {isa = PBXFileReference; lastKnownFileType = file.storyboard; name = Base; path = Base.lproj/LaunchScreen.storyboard; sourceTree = "<group>"; };
		4EE2E35C1FC44E5B000F201D /* Info.plist */ = {isa = PBXFileReference; lastKnownFileType = text.plist.xml; path = Info.plist; sourceTree = "<group>"; };
		4EE2E3611FC44E5B000F201D /* BoobrTests.xctest */ = {isa = PBXFileReference; explicitFileType = wrapper.cfbundle; includeInIndex = 0; path = BoobrTests.xctest; sourceTree = BUILT_PRODUCTS_DIR; };
		4EE2E3651FC44E5B000F201D /* BoobrTests.m */ = {isa = PBXFileReference; lastKnownFileType = sourcecode.c.objc; path = BoobrTests.m; sourceTree = "<group>"; };
		4EE2E3671FC44E5B000F201D /* Info.plist */ = {isa = PBXFileReference; lastKnownFileType = text.plist.xml; path = Info.plist; sourceTree = "<group>"; };
		4EE2E36C1FC44E5B000F201D /* BoobrUITests.xctest */ = {isa = PBXFileReference; explicitFileType = wrapper.cfbundle; includeInIndex = 0; path = BoobrUITests.xctest; sourceTree = BUILT_PRODUCTS_DIR; };
		4EE2E3701FC44E5B000F201D /* BoobrUITests.m */ = {isa = PBXFileReference; lastKnownFileType = sourcecode.c.objc; path = BoobrUITests.m; sourceTree = "<group>"; };
		4EE2E3721FC44E5B000F201D /* Info.plist */ = {isa = PBXFileReference; lastKnownFileType = text.plist.xml; path = Info.plist; sourceTree = "<group>"; };
		4EE2E3841FC452AC000F201D /* FitGuide.h */ = {isa = PBXFileReference; fileEncoding = 4; lastKnownFileType = sourcecode.c.h; name = FitGuide.h; path = ../FitGuide.h; sourceTree = "<group>"; };
		4EE2E3851FC452AC000F201D /* FitGuide.m */ = {isa = PBXFileReference; fileEncoding = 4; lastKnownFileType = sourcecode.c.objc; name = FitGuide.m; path = ../FitGuide.m; sourceTree = "<group>"; };
		4EE2E3871FC45328000F201D /* Styles.h */ = {isa = PBXFileReference; fileEncoding = 4; lastKnownFileType = sourcecode.c.h; path = Styles.h; sourceTree = "<group>"; };
		4EE2E3881FC45328000F201D /* Styles.m */ = {isa = PBXFileReference; fileEncoding = 4; lastKnownFileType = sourcecode.c.objc; path = Styles.m; sourceTree = "<group>"; };
		4EE2E38A1FC4580D000F201D /* Picture1.png */ = {isa = PBXFileReference; lastKnownFileType = image.png; path = Picture1.png; sourceTree = "<group>"; };
		4EE2E38C1FC45E43000F201D /* DataModel.h */ = {isa = PBXFileReference; fileEncoding = 4; lastKnownFileType = sourcecode.c.h; path = DataModel.h; sourceTree = "<group>"; };
		4EE2E38D1FC45E43000F201D /* DataModel.m */ = {isa = PBXFileReference; fileEncoding = 4; lastKnownFileType = sourcecode.c.objc; path = DataModel.m; sourceTree = "<group>"; };
		4EED3BDC1FC73DD300BE7ACB /* Picture1 copy.png */ = {isa = PBXFileReference; lastKnownFileType = image.png; path = "Picture1 copy.png"; sourceTree = "<group>"; };
		4EED3BDE1FC7545400BE7ACB /* sisters.png */ = {isa = PBXFileReference; lastKnownFileType = image.png; path = sisters.png; sourceTree = "<group>"; };
		4EED3BE01FC7545E00BE7ACB /* boobr no back.png */ = {isa = PBXFileReference; lastKnownFileType = image.png; path = "boobr no back.png"; sourceTree = "<group>"; };
		4EED3BE11FC7545E00BE7ACB /* bra outline.png */ = {isa = PBXFileReference; lastKnownFileType = image.png; path = "bra outline.png"; sourceTree = "<group>"; };
		4EED3BE21FC7545E00BE7ACB /* bras (2).png */ = {isa = PBXFileReference; lastKnownFileType = image.png; path = "bras (2).png"; sourceTree = "<group>"; };
/* End PBXFileReference section */

/* Begin PBXFrameworksBuildPhase section */
		4EE2E3421FC44E5A000F201D /* Frameworks */ = {
			isa = PBXFrameworksBuildPhase;
			buildActionMask = 2147483647;
			files = (
			);
			runOnlyForDeploymentPostprocessing = 0;
		};
		4EE2E35E1FC44E5B000F201D /* Frameworks */ = {
			isa = PBXFrameworksBuildPhase;
			buildActionMask = 2147483647;
			files = (
			);
			runOnlyForDeploymentPostprocessing = 0;
		};
		4EE2E3691FC44E5B000F201D /* Frameworks */ = {
			isa = PBXFrameworksBuildPhase;
			buildActionMask = 2147483647;
			files = (
			);
			runOnlyForDeploymentPostprocessing = 0;
		};
/* End PBXFrameworksBuildPhase section */

/* Begin PBXGroup section */
		4EE2E33C1FC44E5A000F201D = {
			isa = PBXGroup;
			children = (
				4EE2E3471FC44E5B000F201D /* Boobr */,
				4EE2E3641FC44E5B000F201D /* BoobrTests */,
				4EE2E36F1FC44E5B000F201D /* BoobrUITests */,
				4EE2E3461FC44E5B000F201D /* Products */,
			);
			sourceTree = "<group>";
		};
		4EE2E3461FC44E5B000F201D /* Products */ = {
			isa = PBXGroup;
			children = (
				4EE2E3451FC44E5B000F201D /* Boobr.app */,
				4EE2E3611FC44E5B000F201D /* BoobrTests.xctest */,
				4EE2E36C1FC44E5B000F201D /* BoobrUITests.xctest */,
			);
			name = Products;
			sourceTree = "<group>";
		};
		4EE2E3471FC44E5B000F201D /* Boobr */ = {
			isa = PBXGroup;
			children = (
				4EE2E38A1FC4580D000F201D /* Picture1.png */,
				4EE2E34B1FC44E5B000F201D /* AppDelegate.h */,
				4EE2E34C1FC44E5B000F201D /* AppDelegate.m */,
				4EE2E34E1FC44E5B000F201D /* BraConversion.h */,
				4EE2E34F1FC44E5B000F201D /* BraConversion.m */,
				4EED3BDC1FC73DD300BE7ACB /* Picture1 copy.png */,
				4EE2E3511FC44E5B000F201D /* SisterSize.h */,
				4EE2E3521FC44E5B000F201D /* SisterSize.m */,
				4EED3BDE1FC7545400BE7ACB /* sisters.png */,
				4EE2E3841FC452AC000F201D /* FitGuide.h */,
				4EE2E3851FC452AC000F201D /* FitGuide.m */,
				4EE2E3541FC44E5B000F201D /* Main.storyboard */,
				4EE2E38C1FC45E43000F201D /* DataModel.h */,
				4EED3BE01FC7545E00BE7ACB /* boobr no back.png */,
				4EED3BE11FC7545E00BE7ACB /* bra outline.png */,
				4EED3BE21FC7545E00BE7ACB /* bras (2).png */,
				4E3DC3F71FCDA35F0029F9F1 /* adhesive bra.png */,
				4E3DC3F81FCDA35F0029F9F1 /* corset bra.png */,
				4E3DC3F91FCDA35F0029F9F1 /* plunge bra.png */,
				4E3DC3FA1FCDA35F0029F9F1 /* shelf bra .png */,
				4E3DC3FB1FCDA35F0029F9F1 /* tshirt bra.png */,
				4E3DC4011FCDA3880029F9F1 /* triangle bra.png */,
				4E3DC4021FCDA3880029F9F1 /* underwire bra.png */,
				4E3DC4031FCDA3880029F9F1 /* push up bra.png */,
				4E3DC4041FCDA3880029F9F1 /* strapless bra.png */,
				4E3DC4051FCDA3880029F9F1 /* sport bra.png */,
				4EE2E38D1FC45E43000F201D /* DataModel.m */,
				4EE2E3871FC45328000F201D /* Styles.h */,
				4EE2E3881FC45328000F201D /* Styles.m */,
				4EE2E3571FC44E5B000F201D /* Assets.xcassets */,
				4EE2E3591FC44E5B000F201D /* LaunchScreen.storyboard */,
				4EE2E35C1FC44E5B000F201D /* Info.plist */,
				4EE2E3481FC44E5B000F201D /* Supporting Files */,
			);
			path = Boobr;
			sourceTree = "<group>";
		};
		4EE2E3481FC44E5B000F201D /* Supporting Files */ = {
			isa = PBXGroup;
			children = (
				4EE2E3491FC44E5B000F201D /* main.m */,
			);
			name = "Supporting Files";
			sourceTree = "<group>";
		};
		4EE2E3641FC44E5B000F201D /* BoobrTests */ = {
			isa = PBXGroup;
			children = (
				4EE2E3651FC44E5B000F201D /* BoobrTests.m */,
				4EE2E3671FC44E5B000F201D /* Info.plist */,
			);
			path = BoobrTests;
			sourceTree = "<group>";
		};
		4EE2E36F1FC44E5B000F201D /* BoobrUITests */ = {
			isa = PBXGroup;
			children = (
				4EE2E3701FC44E5B000F201D /* BoobrUITests.m */,
				4EE2E3721FC44E5B000F201D /* Info.plist */,
			);
			path = BoobrUITests;
			sourceTree = "<group>";
		};
/* End PBXGroup section */

/* Begin PBXNativeTarget section */
		4EE2E3441FC44E5A000F201D /* Boobr */ = {
			isa = PBXNativeTarget;
			buildConfigurationList = 4EE2E3751FC44E5B000F201D /* Build configuration list for PBXNativeTarget "Boobr" */;
			buildPhases = (
				4EE2E3411FC44E5A000F201D /* Sources */,
				4EE2E3421FC44E5A000F201D /* Frameworks */,
				4EE2E3431FC44E5A000F201D /* Resources */,
			);
			buildRules = (
			);
			dependencies = (
			);
			name = Boobr;
			productName = Boobr;
			productReference = 4EE2E3451FC44E5B000F201D /* Boobr.app */;
			productType = "com.apple.product-type.application";
		};
		4EE2E3601FC44E5B000F201D /* BoobrTests */ = {
			isa = PBXNativeTarget;
			buildConfigurationList = 4EE2E3781FC44E5B000F201D /* Build configuration list for PBXNativeTarget "BoobrTests" */;
			buildPhases = (
				4EE2E35D1FC44E5B000F201D /* Sources */,
				4EE2E35E1FC44E5B000F201D /* Frameworks */,
				4EE2E35F1FC44E5B000F201D /* Resources */,
			);
			buildRules = (
			);
			dependencies = (
				4EE2E3631FC44E5B000F201D /* PBXTargetDependency */,
			);
			name = BoobrTests;
			productName = BoobrTests;
			productReference = 4EE2E3611FC44E5B000F201D /* BoobrTests.xctest */;
			productType = "com.apple.product-type.bundle.unit-test";
		};
		4EE2E36B1FC44E5B000F201D /* BoobrUITests */ = {
			isa = PBXNativeTarget;
			buildConfigurationList = 4EE2E37B1FC44E5B000F201D /* Build configuration list for PBXNativeTarget "BoobrUITests" */;
			buildPhases = (
				4EE2E3681FC44E5B000F201D /* Sources */,
				4EE2E3691FC44E5B000F201D /* Frameworks */,
				4EE2E36A1FC44E5B000F201D /* Resources */,
			);
			buildRules = (
			);
			dependencies = (
				4EE2E36E1FC44E5B000F201D /* PBXTargetDependency */,
			);
			name = BoobrUITests;
			productName = BoobrUITests;
			productReference = 4EE2E36C1FC44E5B000F201D /* BoobrUITests.xctest */;
			productType = "com.apple.product-type.bundle.ui-testing";
		};
/* End PBXNativeTarget section */

/* Begin PBXProject section */
		4EE2E33D1FC44E5A000F201D /* Project object */ = {
			isa = PBXProject;
			attributes = {
				LastUpgradeCheck = 0800;
				ORGANIZATIONNAME = "University Of Leeds";
				TargetAttributes = {
					4EE2E3441FC44E5A000F201D = {
						CreatedOnToolsVersion = 8.0;
						ProvisioningStyle = Automatic;
					};
					4EE2E3601FC44E5B000F201D = {
						CreatedOnToolsVersion = 8.0;
						ProvisioningStyle = Automatic;
						TestTargetID = 4EE2E3441FC44E5A000F201D;
					};
					4EE2E36B1FC44E5B000F201D = {
						CreatedOnToolsVersion = 8.0;
						ProvisioningStyle = Automatic;
						TestTargetID = 4EE2E3441FC44E5A000F201D;
					};
				};
			};
			buildConfigurationList = 4EE2E3401FC44E5A000F201D /* Build configuration list for PBXProject "Boobr" */;
			compatibilityVersion = "Xcode 3.2";
			developmentRegion = English;
			hasScannedForEncodings = 0;
			knownRegions = (
				en,
				Base,
			);
			mainGroup = 4EE2E33C1FC44E5A000F201D;
			productRefGroup = 4EE2E3461FC44E5B000F201D /* Products */;
			projectDirPath = "";
			projectRoot = "";
			targets = (
				4EE2E3441FC44E5A000F201D /* Boobr */,
				4EE2E3601FC44E5B000F201D /* BoobrTests */,
				4EE2E36B1FC44E5B000F201D /* BoobrUITests */,
			);
		};
/* End PBXProject section */

/* Begin PBXResourcesBuildPhase section */
		4EE2E3431FC44E5A000F201D /* Resources */ = {
			isa = PBXResourcesBuildPhase;
			buildActionMask = 2147483647;
			files = (
				4E3DC4081FCDA3880029F9F1 /* push up bra.png in Resources */,
				4EED3BE51FC7545E00BE7ACB /* bras (2).png in Resources */,
				4E3DC4061FCDA3880029F9F1 /* triangle bra.png in Resources */,
				4E3DC3FE1FCDA35F0029F9F1 /* plunge bra.png in Resources */,
				4E3DC3FC1FCDA35F0029F9F1 /* adhesive bra.png in Resources */,
				4EE2E38B1FC4580D000F201D /* Picture1.png in Resources */,
				4E3DC3FF1FCDA35F0029F9F1 /* shelf bra .png in Resources */,
				4EE2E35B1FC44E5B000F201D /* LaunchScreen.storyboard in Resources */,
				4E3DC4001FCDA35F0029F9F1 /* tshirt bra.png in Resources */,
				4E3DC3FD1FCDA35F0029F9F1 /* corset bra.png in Resources */,
				4EE2E3581FC44E5B000F201D /* Assets.xcassets in Resources */,
				4EED3BDF1FC7545400BE7ACB /* sisters.png in Resources */,
				4E3DC4091FCDA3880029F9F1 /* strapless bra.png in Resources */,
				4EE2E3561FC44E5B000F201D /* Main.storyboard in Resources */,
				4EED3BDD1FC73DD300BE7ACB /* Picture1 copy.png in Resources */,
				4EED3BE31FC7545E00BE7ACB /* boobr no back.png in Resources */,
				4E3DC4071FCDA3880029F9F1 /* underwire bra.png in Resources */,
				4E3DC40A1FCDA3880029F9F1 /* sport bra.png in Resources */,
				4EED3BE41FC7545E00BE7ACB /* bra outline.png in Resources */,
			);
			runOnlyForDeploymentPostprocessing = 0;
		};
		4EE2E35F1FC44E5B000F201D /* Resources */ = {
			isa = PBXResourcesBuildPhase;
			buildActionMask = 2147483647;
			files = (
			);
			runOnlyForDeploymentPostprocessing = 0;
		};
		4EE2E36A1FC44E5B000F201D /* Resources */ = {
			isa = PBXResourcesBuildPhase;
			buildActionMask = 2147483647;
			files = (
			);
			runOnlyForDeploymentPostprocessing = 0;
		};
/* End PBXResourcesBuildPhase section */

/* Begin PBXSourcesBuildPhase section */
		4EE2E3411FC44E5A000F201D /* Sources */ = {
			isa = PBXSourcesBuildPhase;
			buildActionMask = 2147483647;
			files = (
				4EE2E3531FC44E5B000F201D /* SisterSize.m in Sources */,
				4EE2E34D1FC44E5B000F201D /* AppDelegate.m in Sources */,
				4EE2E3501FC44E5B000F201D /* BraConversion.m in Sources */,
				4EE2E3891FC45328000F201D /* Styles.m in Sources */,
				4EE2E38E1FC45E43000F201D /* DataModel.m in Sources */,
				4EE2E34A1FC44E5B000F201D /* main.m in Sources */,
				4EE2E3861FC452AC000F201D /* FitGuide.m in Sources */,
			);
			runOnlyForDeploymentPostprocessing = 0;
		};
		4EE2E35D1FC44E5B000F201D /* Sources */ = {
			isa = PBXSourcesBuildPhase;
			buildActionMask = 2147483647;
			files = (
				4EE2E3661FC44E5B000F201D /* BoobrTests.m in Sources */,
			);
			runOnlyForDeploymentPostprocessing = 0;
		};
		4EE2E3681FC44E5B000F201D /* Sources */ = {
			isa = PBXSourcesBuildPhase;
			buildActionMask = 2147483647;
			files = (
				4EE2E3711FC44E5B000F201D /* BoobrUITests.m in Sources */,
			);
			runOnlyForDeploymentPostprocessing = 0;
		};
/* End PBXSourcesBuildPhase section */

/* Begin PBXTargetDependency section */
		4EE2E3631FC44E5B000F201D /* PBXTargetDependency */ = {
			isa = PBXTargetDependency;
			target = 4EE2E3441FC44E5A000F201D /* Boobr */;
			targetProxy = 4EE2E3621FC44E5B000F201D /* PBXContainerItemProxy */;
		};
		4EE2E36E1FC44E5B000F201D /* PBXTargetDependency */ = {
			isa = PBXTargetDependency;
			target = 4EE2E3441FC44E5A000F201D /* Boobr */;
			targetProxy = 4EE2E36D1FC44E5B000F201D /* PBXContainerItemProxy */;
		};
/* End PBXTargetDependency section */

/* Begin PBXVariantGroup section */
		4EE2E3541FC44E5B000F201D /* Main.storyboard */ = {
			isa = PBXVariantGroup;
			children = (
				4EE2E3551FC44E5B000F201D /* Base */,
			);
			name = Main.storyboard;
			sourceTree = "<group>";
		};
		4EE2E3591FC44E5B000F201D /* LaunchScreen.storyboard */ = {
			isa = PBXVariantGroup;
			children = (
				4EE2E35A1FC44E5B000F201D /* Base */,
			);
			name = LaunchScreen.storyboard;
			sourceTree = "<group>";
		};
/* End PBXVariantGroup section */

/* Begin XCBuildConfiguration section */
		4EE2E3731FC44E5B000F201D /* Debug */ = {
			isa = XCBuildConfiguration;
			buildSettings = {
				ALWAYS_SEARCH_USER_PATHS = NO;
				CLANG_ANALYZER_NONNULL = YES;
				CLANG_CXX_LANGUAGE_STANDARD = "gnu++0x";
				CLANG_CXX_LIBRARY = "libc++";
				CLANG_ENABLE_MODULES = YES;
				CLANG_ENABLE_OBJC_ARC = YES;
				CLANG_WARN_BOOL_CONVERSION = YES;
				CLANG_WARN_CONSTANT_CONVERSION = YES;
				CLANG_WARN_DIRECT_OBJC_ISA_USAGE = YES_ERROR;
				CLANG_WARN_DOCUMENTATION_COMMENTS = YES;
				CLANG_WARN_EMPTY_BODY = YES;
				CLANG_WARN_ENUM_CONVERSION = YES;
				CLANG_WARN_INFINITE_RECURSION = YES;
				CLANG_WARN_INT_CONVERSION = YES;
				CLANG_WARN_OBJC_ROOT_CLASS = YES_ERROR;
				CLANG_WARN_SUSPICIOUS_MOVES = YES;
				CLANG_WARN_UNREACHABLE_CODE = YES;
				CLANG_WARN__DUPLICATE_METHOD_MATCH = YES;
				"CODE_SIGN_IDENTITY[sdk=iphoneos*]" = "iPhone Developer";
				COPY_PHASE_STRIP = NO;
				DEBUG_INFORMATION_FORMAT = dwarf;
				ENABLE_STRICT_OBJC_MSGSEND = YES;
				ENABLE_TESTABILITY = YES;
				GCC_C_LANGUAGE_STANDARD = gnu99;
				GCC_DYNAMIC_NO_PIC = NO;
				GCC_NO_COMMON_BLOCKS = YES;
				GCC_OPTIMIZATION_LEVEL = 0;
				GCC_PREPROCESSOR_DEFINITIONS = (
					"DEBUG=1",
					"$(inherited)",
				);
				GCC_WARN_64_TO_32_BIT_CONVERSION = YES;
				GCC_WARN_ABOUT_RETURN_TYPE = YES_ERROR;
				GCC_WARN_UNDECLARED_SELECTOR = YES;
				GCC_WARN_UNINITIALIZED_AUTOS = YES_AGGRESSIVE;
				GCC_WARN_UNUSED_FUNCTION = YES;
				GCC_WARN_UNUSED_VARIABLE = YES;
				IPHONEOS_DEPLOYMENT_TARGET = 10.0;
				MTL_ENABLE_DEBUG_INFO = YES;
				ONLY_ACTIVE_ARCH = YES;
				SDKROOT = iphoneos;
				TARGETED_DEVICE_FAMILY = "1,2";
			};
			name = Debug;
		};
		4EE2E3741FC44E5B000F201D /* Release */ = {
			isa = XCBuildConfiguration;
			buildSettings = {
				ALWAYS_SEARCH_USER_PATHS = NO;
				CLANG_ANALYZER_NONNULL = YES;
				CLANG_CXX_LANGUAGE_STANDARD = "gnu++0x";
				CLANG_CXX_LIBRARY = "libc++";
				CLANG_ENABLE_MODULES = YES;
				CLANG_ENABLE_OBJC_ARC = YES;
				CLANG_WARN_BOOL_CONVERSION = YES;
				CLANG_WARN_CONSTANT_CONVERSION = YES;
				CLANG_WARN_DIRECT_OBJC_ISA_USAGE = YES_ERROR;
				CLANG_WARN_DOCUMENTATION_COMMENTS = YES;
				CLANG_WARN_EMPTY_BODY = YES;
				CLANG_WARN_ENUM_CONVERSION = YES;
				CLANG_WARN_INFINITE_RECURSION = YES;
				CLANG_WARN_INT_CONVERSION = YES;
				CLANG_WARN_OBJC_ROOT_CLASS = YES_ERROR;
				CLANG_WARN_SUSPICIOUS_MOVES = YES;
				CLANG_WARN_UNREACHABLE_CODE = YES;
				CLANG_WARN__DUPLICATE_METHOD_MATCH = YES;
				"CODE_SIGN_IDENTITY[sdk=iphoneos*]" = "iPhone Developer";
				COPY_PHASE_STRIP = NO;
				DEBUG_INFORMATION_FORMAT = "dwarf-with-dsym";
				ENABLE_NS_ASSERTIONS = NO;
				ENABLE_STRICT_OBJC_MSGSEND = YES;
				GCC_C_LANGUAGE_STANDARD = gnu99;
				GCC_NO_COMMON_BLOCKS = YES;
				GCC_WARN_64_TO_32_BIT_CONVERSION = YES;
				GCC_WARN_ABOUT_RETURN_TYPE = YES_ERROR;
				GCC_WARN_UNDECLARED_SELECTOR = YES;
				GCC_WARN_UNINITIALIZED_AUTOS = YES_AGGRESSIVE;
				GCC_WARN_UNUSED_FUNCTION = YES;
				GCC_WARN_UNUSED_VARIABLE = YES;
				IPHONEOS_DEPLOYMENT_TARGET = 10.0;
				MTL_ENABLE_DEBUG_INFO = NO;
				SDKROOT = iphoneos;
				TARGETED_DEVICE_FAMILY = "1,2";
				VALIDATE_PRODUCT = YES;
			};
			name = Release;
		};
		4EE2E3761FC44E5B000F201D /* Debug */ = {
			isa = XCBuildConfiguration;
			buildSettings = {
				ASSETCATALOG_COMPILER_APPICON_NAME = AppIcon;
				INFOPLIST_FILE = Boobr/Info.plist;
				LD_RUNPATH_SEARCH_PATHS = "$(inherited) @executable_path/Frameworks";
				PRODUCT_BUNDLE_IDENTIFIER = uk.ac.leeds.Boobr;
				PRODUCT_NAME = "$(TARGET_NAME)";
			};
			name = Debug;
		};
		4EE2E3771FC44E5B000F201D /* Release */ = {
			isa = XCBuildConfiguration;
			buildSettings = {
				ASSETCATALOG_COMPILER_APPICON_NAME = AppIcon;
				INFOPLIST_FILE = Boobr/Info.plist;
				LD_RUNPATH_SEARCH_PATHS = "$(inherited) @executable_path/Frameworks";
				PRODUCT_BUNDLE_IDENTIFIER = uk.ac.leeds.Boobr;
				PRODUCT_NAME = "$(TARGET_NAME)";
			};
			name = Release;
		};
		4EE2E3791FC44E5B000F201D /* Debug */ = {
			isa = XCBuildConfiguration;
			buildSettings = {
				BUNDLE_LOADER = "$(TEST_HOST)";
				INFOPLIST_FILE = BoobrTests/Info.plist;
				LD_RUNPATH_SEARCH_PATHS = "$(inherited) @executable_path/Frameworks @loader_path/Frameworks";
				PRODUCT_BUNDLE_IDENTIFIER = uk.ac.leeds.BoobrTests;
				PRODUCT_NAME = "$(TARGET_NAME)";
				TEST_HOST = "$(BUILT_PRODUCTS_DIR)/Boobr.app/Boobr";
			};
			name = Debug;
		};
		4EE2E37A1FC44E5B000F201D /* Release */ = {
			isa = XCBuildConfiguration;
			buildSettings = {
				BUNDLE_LOADER = "$(TEST_HOST)";
				INFOPLIST_FILE = BoobrTests/Info.plist;
				LD_RUNPATH_SEARCH_PATHS = "$(inherited) @executable_path/Frameworks @loader_path/Frameworks";
				PRODUCT_BUNDLE_IDENTIFIER = uk.ac.leeds.BoobrTests;
				PRODUCT_NAME = "$(TARGET_NAME)";
				TEST_HOST = "$(BUILT_PRODUCTS_DIR)/Boobr.app/Boobr";
			};
			name = Release;
		};
		4EE2E37C1FC44E5B000F201D /* Debug */ = {
			isa = XCBuildConfiguration;
			buildSettings = {
				INFOPLIST_FILE = BoobrUITests/Info.plist;
				LD_RUNPATH_SEARCH_PATHS = "$(inherited) @executable_path/Frameworks @loader_path/Frameworks";
				PRODUCT_BUNDLE_IDENTIFIER = uk.ac.leeds.BoobrUITests;
				PRODUCT_NAME = "$(TARGET_NAME)";
				TEST_TARGET_NAME = Boobr;
			};
			name = Debug;
		};
		4EE2E37D1FC44E5B000F201D /* Release */ = {
			isa = XCBuildConfiguration;
			buildSettings = {
				INFOPLIST_FILE = BoobrUITests/Info.plist;
				LD_RUNPATH_SEARCH_PATHS = "$(inherited) @executable_path/Frameworks @loader_path/Frameworks";
				PRODUCT_BUNDLE_IDENTIFIER = uk.ac.leeds.BoobrUITests;
				PRODUCT_NAME = "$(TARGET_NAME)";
				TEST_TARGET_NAME = Boobr;
			};
			name = Release;
		};
/* End XCBuildConfiguration section */

/* Begin XCConfigurationList section */
		4EE2E3401FC44E5A000F201D /* Build configuration list for PBXProject "Boobr" */ = {
			isa = XCConfigurationList;
			buildConfigurations = (
				4EE2E3731FC44E5B000F201D /* Debug */,
				4EE2E3741FC44E5B000F201D /* Release */,
			);
			defaultConfigurationIsVisible = 0;
			defaultConfigurationName = Release;
		};
		4EE2E3751FC44E5B000F201D /* Build configuration list for PBXNativeTarget "Boobr" */ = {
			isa = XCConfigurationList;
			buildConfigurations = (
				4EE2E3761FC44E5B000F201D /* Debug */,
				4EE2E3771FC44E5B000F201D /* Release */,
			);
			defaultConfigurationIsVisible = 0;
			defaultConfigurationName = Release;
		};
		4EE2E3781FC44E5B000F201D /* Build configuration list for PBXNativeTarget "BoobrTests" */ = {
			isa = XCConfigurationList;
			buildConfigurations = (
				4EE2E3791FC44E5B000F201D /* Debug */,
				4EE2E37A1FC44E5B000F201D /* Release */,
			);
			defaultConfigurationIsVisible = 0;
			defaultConfigurationName = Release;
		};
		4EE2E37B1FC44E5B000F201D /* Build configuration list for PBXNativeTarget "BoobrUITests" */ = {
			isa = XCConfigurationList;
			buildConfigurations = (
				4EE2E37C1FC44E5B000F201D /* Debug */,
				4EE2E37D1FC44E5B000F201D /* Release */,
			);
			defaultConfigurationIsVisible = 0;
			defaultConfigurationName = Release;
		};
/* End XCConfigurationList section */
	};
	rootObject = 4EE2E33D1FC44E5A000F201D /* Project object */;
}
